
Microsoft Visual Studio Solution File, Format Version 12.00
# Visual Studio Version 16
VisualStudioVersion = 16.0.29911.84
MinimumVisualStudioVersion = 10.0.40219.1
Project("{8BC9CEB8-8B4A-11D0-8D11-00A0C91BC942}") = "Raytracer", "Raytracer\Raytracer.vcxproj", "{D37A3EB0-06AE-4A3D-901E-ACC3A2B205E2}"
EndProject
Global
	GlobalSection(SolutionConfigurationPlatforms) = preSolution
		Debug|x64 = Debug|x64
		Release|x64 = Release|x64
	EndGlobalSection
	GlobalSection(ProjectConfigurationPlatforms) = postSolution
		{D37A3EB0-06AE-4A3D-901E-ACC3A2B205E2}.Debug|x64.ActiveCfg = Debug|x64
		{D37A3EB0-06AE-4A3D-901E-ACC3A2B205E2}.Debug|x64.Build.0 = Debug|x64
		{D37A3EB0-06AE-4A3D-901E-ACC3A2B205E2}.Release|x64.ActiveCfg = Release|x64
		{D37A3EB0-06AE-4A3D-901E-ACC3A2B205E2}.Release|x64.Build.0 = Release|x64
	EndGlobalSection
	GlobalSection(SolutionProperties) = preSolution
		HideSolutionNode = FALSE
	EndGlobalSection
	GlobalSection(ExtensibilityGlobals) = postSolution
		SolutionGuid = {6578E41A-91F5-4624-B3B2-C071D07CDF24}
	EndGlobalSection
EndGlobal
